Microsoft Visual Studio Solution File, Format Version 12.00
# Visual Studio Version 17
VisualStudioVersion = 17.5.2.0
MinimumVisualStudioVersion = 10.0.40219.1
Project("{FAE04EC0-301F-11D3-BF4B-00C04F79EFBC}") = "Task_1", "Task_1\Task_1.csproj", "{8B726B25-5C5A-A7B8-62C5-FCDA09EB54B4}"
EndProject
Global
	GlobalSection(SolutionConfigurationPlatforms) = preSolution
		Debug|Any CPU = Debug|Any CPU
		Release|Any CPU = Release|Any CPU
	EndGlobalSection
	GlobalSection(ProjectConfigurationPlatforms) = postSolution
		{8B726B25-5C5A-A7B8-62C5-FCDA09EB54B4}.Debug|Any CPU.ActiveCfg = Debug|Any CPU
		{8B726B25-5C5A-A7B8-62C5-FCDA09EB54B4}.Debug|Any CPU.Build.0 = Debug|Any CPU
		{8B726B25-5C5A-A7B8-62C5-FCDA09EB54B4}.Release|Any CPU.ActiveCfg = Release|Any CPU
		{8B726B25-5C5A-A7B8-62C5-FCDA09EB54B4}.Release|Any CPU.Build.0 = Release|Any CPU
	EndGlobalSection
	GlobalSection(SolutionProperties) = preSolution
		HideSolutionNode = FALSE
	EndGlobalSection
	GlobalSection(ExtensibilityGlobals) = postSolution
		SolutionGuid = {7CDA4FA5-5AD8-4AD5-9BFD-070C3B3C9433}
	EndGlobalSection
EndGlobal
