Microsoft Visual Studio Solution File, Format Version 12.00
# Visual Studio Version 17
VisualStudioVersion = 17.5.2.0
MinimumVisualStudioVersion = 10.0.40219.1
Project("{FAE04EC0-301F-11D3-BF4B-00C04F79EFBC}") = "Task_1", "Task_1\Task_1.csproj", "{8B726B25-5C5A-A7B8-62C5-FCDA09EB54B4}"
EndProject
Project("{FAE04EC0-301F-11D3-BF4B-00C04F79EFBC}") = "Task_3", "Task_3\Task_3.csproj", "{054DCDB0-FB88-AF00-705C-0B1799F1BE84}"
EndProject
Project("{FAE04EC0-301F-11D3-BF4B-00C04F79EFBC}") = "Task_2", "Task_2\Task_2.csproj", "{933A289E-C7A0-2E7E-F379-76820B39E01B}"
EndProject
Global
	GlobalSection(SolutionConfigurationPlatforms) = preSolution
		Debug|Any CPU = Debug|Any CPU
		Release|Any CPU = Release|Any CPU
	EndGlobalSection
	GlobalSection(ProjectConfigurationPlatforms) = postSolution
		{8B726B25-5C5A-A7B8-62C5-FCDA09EB54B4}.Debug|Any CPU.ActiveCfg = Debug|Any CPU
		{8B726B25-5C5A-A7B8-62C5-FCDA09EB54B4}.Debug|Any CPU.Build.0 = Debug|Any CPU
		{8B726B25-5C5A-A7B8-62C5-FCDA09EB54B4}.Release|Any CPU.ActiveCfg = Release|Any CPU
		{8B726B25-5C5A-A7B8-62C5-FCDA09EB54B4}.Release|Any CPU.Build.0 = Release|Any CPU
		{054DCDB0-FB88-AF00-705C-0B1799F1BE84}.Debug|Any CPU.ActiveCfg = Debug|Any CPU
		{054DCDB0-FB88-AF00-705C-0B1799F1BE84}.Debug|Any CPU.Build.0 = Debug|Any CPU
		{054DCDB0-FB88-AF00-705C-0B1799F1BE84}.Release|Any CPU.ActiveCfg = Release|Any CPU
		{054DCDB0-FB88-AF00-705C-0B1799F1BE84}.Release|Any CPU.Build.0 = Release|Any CPU
		{933A289E-C7A0-2E7E-F379-76820B39E01B}.Debug|Any CPU.ActiveCfg = Debug|Any CPU
		{933A289E-C7A0-2E7E-F379-76820B39E01B}.Debug|Any CPU.Build.0 = Debug|Any CPU
		{933A289E-C7A0-2E7E-F379-76820B39E01B}.Release|Any CPU.ActiveCfg = Release|Any CPU
		{933A289E-C7A0-2E7E-F379-76820B39E01B}.Release|Any CPU.Build.0 = Release|Any CPU
	EndGlobalSection
	GlobalSection(SolutionProperties) = preSolution
		HideSolutionNode = FALSE
	EndGlobalSection
	GlobalSection(ExtensibilityGlobals) = postSolution
		SolutionGuid = {7A8C82D1-2D1F-483E-9F4C-DBB9738AFEDE}
	EndGlobalSection
EndGlobal
